// !$*UTF8*$!
{
	archiveVersion = 1;
	classes = {
	};
	objectVersion = 46;
	objects = {

/* Begin PBXBuildFile section */
		521D23AB2750F11300DBD422 /* commonsyms.c in Sources */ = {isa = PBXBuildFile; fileRef = 52DABC17274E71F2006D4C45 /* commonsyms.c */; };
		521D23AF2750F11300DBD422 /* MaxAPI.framework in Frameworks */ = {isa = PBXBuildFile; fileRef = 52DABC19274E7207006D4C45 /* MaxAPI.framework */; };
		52D13B90278EC5E3001299E5 /* _.leapmotion.cpp in Sources */ = {isa = PBXBuildFile; fileRef = 52D13B8F278EC5E3001299E5 /* _.leapmotion.cpp */; };
		52D13B94278EC7FB001299E5 /* libLeap.dylib in Frameworks */ = {isa = PBXBuildFile; fileRef = 52D13B93278EC7FB001299E5 /* libLeap.dylib */; };
/* End PBXBuildFile section */

/* Begin PBXFileReference section */
		521D23B42750F11300DBD422 /* _.leapmotion.mxo */ = {isa = PBXFileReference; explicitFileType = wrapper.cfbundle; includeInIndex = 0; path = _.leapmotion.mxo; sourceTree = BUILT_PRODUCTS_DIR; };
		52D13B8F278EC5E3001299E5 /* _.leapmotion.cpp */ = {isa = PBXFileReference; fileEncoding = 4; lastKnownFileType = sourcecode.cpp.cpp; path = _.leapmotion.cpp; sourceTree = "<group>"; };
		52D13B93278EC7FB001299E5 /* libLeap.dylib */ = {isa = PBXFileReference; lastKnownFileType = "compiled.mach-o.dylib"; name = libLeap.dylib; path = ../../LeapSDK/lib/libLeap.dylib; sourceTree = "<group>"; };
		52DABC17274E71F2006D4C45 /* commonsyms.c */ = {isa = PBXFileReference; fileEncoding = 4; lastKnownFileType = sourcecode.c.c; name = commonsyms.c; path = "../../max-sdk-base/c74support/max-includes/common/commonsyms.c"; sourceTree = "<group>"; };
		52DABC19274E7207006D4C45 /* MaxAPI.framework */ = {isa = PBXFileReference; lastKnownFileType = wrapper.framework; name = MaxAPI.framework; path = "../../max-sdk-base/c74support/max-includes/MaxAPI.framework"; sourceTree = "<group>"; };
/* End PBXFileReference section */

/* Begin PBXFrameworksBuildPhase section */
		521D23AD2750F11300DBD422 /* Frameworks */ = {
			isa = PBXFrameworksBuildPhase;
			buildActionMask = 2147483647;
			files = (
				52D13B94278EC7FB001299E5 /* libLeap.dylib in Frameworks */,
				521D23AF2750F11300DBD422 /* MaxAPI.framework in Frameworks */,
			);
			runOnlyForDeploymentPostprocessing = 0;
		};
/* End PBXFrameworksBuildPhase section */

/* Begin PBXGroup section */
		089C166AFE841209C02AAC07 /* iterator */ = {
			isa = PBXGroup;
			children = (
				52D13B8F278EC5E3001299E5 /* _.leapmotion.cpp */,
				52DABC17274E71F2006D4C45 /* commonsyms.c */,
				52DABC19274E7207006D4C45 /* MaxAPI.framework */,
				52D13B93278EC7FB001299E5 /* libLeap.dylib */,
				19C28FB4FE9D528D11CA2CBB /* Products */,
			);
			name = iterator;
			sourceTree = "<group>";
		};
		19C28FB4FE9D528D11CA2CBB /* Products */ = {
			isa = PBXGroup;
			children = (
				521D23B42750F11300DBD422 /* _.leapmotion.mxo */,
			);
			name = Products;
			sourceTree = "<group>";
		};
/* End PBXGroup section */

/* Begin PBXHeadersBuildPhase section */
		521D23A72750F11300DBD422 /* Headers */ = {
			isa = PBXHeadersBuildPhase;
			buildActionMask = 2147483647;
			files = (
			);
			runOnlyForDeploymentPostprocessing = 0;
		};
/* End PBXHeadersBuildPhase section */

/* Begin PBXNativeTarget section */
		521D23A62750F11300DBD422 /* _.leapmotion */ = {
			isa = PBXNativeTarget;
			buildConfigurationList = 521D23B12750F11300DBD422 /* Build configuration list for PBXNativeTarget "_.leapmotion" */;
			buildPhases = (
				521D23A72750F11300DBD422 /* Headers */,
				521D23A82750F11300DBD422 /* Resources */,
				521D23A92750F11300DBD422 /* Sources */,
				521D23AD2750F11300DBD422 /* Frameworks */,
				521D23B02750F11300DBD422 /* Rez */,
			);
			buildRules = (
			);
			dependencies = (
			);
			name = _.leapmotion;
			productName = iterator;
			productReference = 521D23B42750F11300DBD422 /* _.leapmotion.mxo */;
			productType = "com.apple.product-type.bundle";
		};
/* End PBXNativeTarget section */

/* Begin PBXProject section */
		089C1669FE841209C02AAC07 /* Project object */ = {
			isa = PBXProject;
			attributes = {
				LastUpgradeCheck = 1300;
			};
			buildConfigurationList = 2FBBEACF08F335010078DB84 /* Build configuration list for PBXProject "_.leapmotion" */;
			compatibilityVersion = "Xcode 3.2";
			developmentRegion = en;
			hasScannedForEncodings = 1;
			knownRegions = (
				en,
				Base,
			);
			mainGroup = 089C166AFE841209C02AAC07 /* iterator */;
			projectDirPath = "";
			projectRoot = "";
			targets = (
				521D23A62750F11300DBD422 /* _.leapmotion */,
			);
		};
/* End PBXProject section */

/* Begin PBXResourcesBuildPhase section */
		521D23A82750F11300DBD422 /* Resources */ = {
			isa = PBXResourcesBuildPhase;
			buildActionMask = 2147483647;
			files = (
			);
			runOnlyForDeploymentPostprocessing = 0;
		};
/* End PBXResourcesBuildPhase section */

/* Begin PBXRezBuildPhase section */
		521D23B02750F11300DBD422 /* Rez */ = {
			isa = PBXRezBuildPhase;
			buildActionMask = 2147483647;
			files = (
			);
			runOnlyForDeploymentPostprocessing = 0;
		};
/* End PBXRezBuildPhase section */

/* Begin PBXSourcesBuildPhase section */
		521D23A92750F11300DBD422 /* Sources */ = {
			isa = PBXSourcesBuildPhase;
			buildActionMask = 2147483647;
			files = (
				521D23AB2750F11300DBD422 /* commonsyms.c in Sources */,
				52D13B90278EC5E3001299E5 /* _.leapmotion.cpp in Sources */,
			);
			runOnlyForDeploymentPostprocessing = 0;
		};
/* End PBXSourcesBuildPhase section */

/* Begin XCBuildConfiguration section */
		2FBBEAD008F335010078DB84 /* Development */ = {
			isa = XCBuildConfiguration;
			buildSettings = {
				ARCHS = x86_64;
				CLANG_ANALYZER_LOCALIZABILITY_NONLOCALIZED = YES;
				CLANG_WARN_BLOCK_CAPTURE_AUTORELEASING = YES;
				CLANG_WARN_BOOL_CONVERSION = YES;
				CLANG_WARN_COMMA = YES;
				CLANG_WARN_CONSTANT_CONVERSION = YES;
				CLANG_WARN_DEPRECATED_OBJC_IMPLEMENTATIONS = YES;
				CLANG_WARN_EMPTY_BODY = YES;
				CLANG_WARN_ENUM_CONVERSION = YES;
				CLANG_WARN_INFINITE_RECURSION = YES;
				CLANG_WARN_INT_CONVERSION = YES;
				CLANG_WARN_NON_LITERAL_NULL_CONVERSION = YES;
				CLANG_WARN_OBJC_IMPLICIT_RETAIN_SELF = YES;
				CLANG_WARN_OBJC_LITERAL_CONVERSION = YES;
				CLANG_WARN_QUOTED_INCLUDE_IN_FRAMEWORK_HEADER = YES;
				CLANG_WARN_RANGE_LOOP_ANALYSIS = YES;
				CLANG_WARN_STRICT_PROTOTYPES = YES;
				CLANG_WARN_SUSPICIOUS_MOVE = YES;
				CLANG_WARN_UNREACHABLE_CODE = YES;
				CLANG_WARN__DUPLICATE_METHOD_MATCH = YES;
				DEPLOYMENT_LOCATION = YES;
				DEPLOYMENT_POSTPROCESSING = YES;
				DSTROOT = "$(SRCROOT)/..";
				ENABLE_STRICT_OBJC_MSGSEND = YES;
				ENABLE_TESTABILITY = YES;
				EXECUTABLE_EXTENSION = "";
				FRAMEWORK_SEARCH_PATHS = "\"$(SRCROOT)/../../max-sdk-base/c74support/max-includes\"";
				GCC_NO_COMMON_BLOCKS = YES;
				GCC_OPTIMIZATION_LEVEL = 3;
				GCC_WARN_64_TO_32_BIT_CONVERSION = YES;
				GCC_WARN_ABOUT_RETURN_TYPE = YES;
				GCC_WARN_UNDECLARED_SELECTOR = YES;
				GCC_WARN_UNINITIALIZED_AUTOS = YES;
				GCC_WARN_UNUSED_FUNCTION = YES;
				GCC_WARN_UNUSED_VARIABLE = YES;
				GENERATE_MASTER_OBJECT_FILE = YES;
				HEADER_SEARCH_PATHS = (
					"\"$(SRCROOT)/../../max-sdk-base/c74support/max-includes\"",
					"\"$(SRCROOT)/../../LeapSDK/include\"",
				);
				INFOPLIST_FILE = "$(SRCROOT)/Info.plist";
				INSTALL_PATH = externals;
				LIBRARY_SEARCH_PATHS = "\"$(SRCROOT)/../../LeapSDK/lib\"";
				MACOSX_DEPLOYMENT_TARGET = 10.14;
				ONLY_ACTIVE_ARCH = YES;
				OTHER_CFLAGS = "-DH5_USE_110_API";
				OTHER_LDFLAGS = "@../../max-sdk-base/c74support/max-includes/c74_linker_flags.txt ";
				PRELINK_LIBS = "";
				PRODUCT_BUNDLE_IDENTIFIER = "de.hfmt-hamburg.${PRODUCT_NAME:rfc1034identifier}";
				WRAPPER_EXTENSION = mxo;
			};
			name = Development;
		};
		2FBBEAD108F335010078DB84 /* Deployment */ = {
			isa = XCBuildConfiguration;
			buildSettings = {
				ARCHS = x86_64;
				CLANG_ANALYZER_LOCALIZABILITY_NONLOCALIZED = YES;
				CLANG_WARN_BLOCK_CAPTURE_AUTORELEASING = YES;
				CLANG_WARN_BOOL_CONVERSION = YES;
				CLANG_WARN_COMMA = YES;
				CLANG_WARN_CONSTANT_CONVERSION = YES;
				CLANG_WARN_DEPRECATED_OBJC_IMPLEMENTATIONS = YES;
				CLANG_WARN_EMPTY_BODY = YES;
				CLANG_WARN_ENUM_CONVERSION = YES;
				CLANG_WARN_INFINITE_RECURSION = YES;
				CLANG_WARN_INT_CONVERSION = YES;
				CLANG_WARN_NON_LITERAL_NULL_CONVERSION = YES;
				CLANG_WARN_OBJC_IMPLICIT_RETAIN_SELF = YES;
				CLANG_WARN_OBJC_LITERAL_CONVERSION = YES;
				CLANG_WARN_QUOTED_INCLUDE_IN_FRAMEWORK_HEADER = YES;
				CLANG_WARN_RANGE_LOOP_ANALYSIS = YES;
				CLANG_WARN_STRICT_PROTOTYPES = YES;
				CLANG_WARN_SUSPICIOUS_MOVE = YES;
				CLANG_WARN_UNREACHABLE_CODE = YES;
				CLANG_WARN__DUPLICATE_METHOD_MATCH = YES;
				DEPLOYMENT_LOCATION = YES;
				DEPLOYMENT_POSTPROCESSING = YES;
				DSTROOT = "$(SRCROOT)/..";
				ENABLE_STRICT_OBJC_MSGSEND = YES;
				EXECUTABLE_EXTENSION = "";
				FRAMEWORK_SEARCH_PATHS = "\"$(SRCROOT)/../../max-sdk-base/c74support/max-includes\"";
				GCC_NO_COMMON_BLOCKS = YES;
				GCC_OPTIMIZATION_LEVEL = 3;
				GCC_WARN_64_TO_32_BIT_CONVERSION = YES;
				GCC_WARN_ABOUT_RETURN_TYPE = YES;
				GCC_WARN_UNDECLARED_SELECTOR = YES;
				GCC_WARN_UNINITIALIZED_AUTOS = YES;
				GCC_WARN_UNUSED_FUNCTION = YES;
				GCC_WARN_UNUSED_VARIABLE = YES;
				GENERATE_MASTER_OBJECT_FILE = YES;
				HEADER_SEARCH_PATHS = (
					"\"$(SRCROOT)/../../max-sdk-base/c74support/max-includes\"",
					"\"$(SRCROOT)/../../LeapSDK/include\"",
				);
				INFOPLIST_FILE = "$(SRCROOT)/Info.plist";
				INSTALL_PATH = externals;
				LIBRARY_SEARCH_PATHS = "\"$(SRCROOT)/../../LeapSDK/lib\"";
				MACOSX_DEPLOYMENT_TARGET = 10.14;
				OTHER_CFLAGS = "-DH5_USE_110_API";
				OTHER_LDFLAGS = "@../../max-sdk-base/c74support/max-includes/c74_linker_flags.txt ";
				PRELINK_LIBS = "";
				PRODUCT_BUNDLE_IDENTIFIER = "de.hfmt-hamburg.${PRODUCT_NAME:rfc1034identifier}";
				WRAPPER_EXTENSION = mxo;
			};
			name = Deployment;
		};
		521D23B22750F11300DBD422 /* Development */ = {
			isa = XCBuildConfiguration;
			buildSettings = {
				CLANG_ENABLE_OBJC_WEAK = YES;
				COPY_PHASE_STRIP = NO;
				DEPLOYMENT_LOCATION = "$(inherited)";
				DEPLOYMENT_POSTPROCESSING = "$(inherited)";
				DSTROOT = "$(inherited)";
				EXECUTABLE_EXTENSION = "$(inherited)";
				FRAMEWORK_SEARCH_PATHS = "$(inherited)";
				GCC_OPTIMIZATION_LEVEL = 0;
				GENERATE_MASTER_OBJECT_FILE = "$(inherited)";
				HEADER_SEARCH_PATHS = "$(inherited)";
				INFOPLIST_FILE = "$(inherited)";
				INSTALL_PATH = "$(inherited)";
				LIBRARY_SEARCH_PATHS = (
					"$(inherited)",
					"$(PROJECT_DIR)/lib/LeapSDK/lib",
				);
				MACOSX_DEPLOYMENT_TARGET = "$(inherited)";
				OTHER_CFLAGS = "$(inherited)";
				OTHER_CPLUSPLUSFLAGS = "$(inherited)";
				OTHER_LDFLAGS = "$(inherited)";
				PRELINK_LIBS = "$(inherited)";
				PRODUCT_BUNDLE_IDENTIFIER = "de.hfmt-hamburg.${PRODUCT_NAME:rfc1034identifier}";
				PRODUCT_NAME = "$(TARGET_NAME)";
				SDKROOT = macosx;
				WRAPPER_EXTENSION = "$(inherited)";
			};
			name = Development;
		};
		521D23B32750F11300DBD422 /* Deployment */ = {
			isa = XCBuildConfiguration;
			buildSettings = {
				CLANG_ENABLE_OBJC_WEAK = YES;
				COPY_PHASE_STRIP = YES;
				DEPLOYMENT_LOCATION = "$(inherited)";
				DEPLOYMENT_POSTPROCESSING = "$(inherited)";
				DSTROOT = "$(inherited)";
				EXECUTABLE_EXTENSION = "$(inherited)";
				FRAMEWORK_SEARCH_PATHS = "$(inherited)";
				GCC_OPTIMIZATION_LEVEL = 3;
				GENERATE_MASTER_OBJECT_FILE = "$(inherited)";
				HEADER_SEARCH_PATHS = "$(inherited)";
				INFOPLIST_FILE = "$(inherited)";
				INSTALL_PATH = "$(inherited)";
				LIBRARY_SEARCH_PATHS = (
					"$(inherited)",
					"$(PROJECT_DIR)/lib/LeapSDK/lib",
				);
				MACOSX_DEPLOYMENT_TARGET = "$(inherited)";
				OTHER_CFLAGS = "$(inherited)";
				OTHER_CPLUSPLUSFLAGS = "$(inherited)";
				OTHER_LDFLAGS = "$(inherited)";
				PRELINK_LIBS = "$(inherited)";
				PRODUCT_BUNDLE_IDENTIFIER = "de.hfmt-hamburg.${PRODUCT_NAME:rfc1034identifier}";
				PRODUCT_NAME = "$(TARGET_NAME)";
				SDKROOT = macosx;
				WRAPPER_EXTENSION = "$(inherited)";
			};
			name = Deployment;
		};
/* End XCBuildConfiguration section */

/* Begin XCConfigurationList section */
		2FBBEACF08F335010078DB84 /* Build configuration list for PBXProject "_.leapmotion" */ = {
			isa = XCConfigurationList;
			buildConfigurations = (
				2FBBEAD008F335010078DB84 /* Development */,
				2FBBEAD108F335010078DB84 /* Deployment */,
			);
			defaultConfigurationIsVisible = 0;
			defaultConfigurationName = Development;
		};
		521D23B12750F11300DBD422 /* Build configuration list for PBXNativeTarget "_.leapmotion" */ = {
			isa = XCConfigurationList;
			buildConfigurations = (
				521D23B22750F11300DBD422 /* Development */,
				521D23B32750F11300DBD422 /* Deployment */,
			);
			defaultConfigurationIsVisible = 0;
			defaultConfigurationName = Development;
		};
/* End XCConfigurationList section */
	};
	rootObject = 089C1669FE841209C02AAC07 /* Project object */;
}
